// !$*UTF8*$!
{
	archiveVersion = 1;
	classes = {
	};
	objectVersion = 46;
	objects = {

/* Begin PBXBuildFile section */
		F92D717D1F00D72B00EC7C84 /* SelectionViewController.swift in Sources */ = {isa = PBXBuildFile; fileRef = F92D717C1F00D72B00EC7C84 /* SelectionViewController.swift */; };
		F92D717F1F00D73600EC7C84 /* NotificationViewController.swift in Sources */ = {isa = PBXBuildFile; fileRef = F92D717E1F00D73600EC7C84 /* NotificationViewController.swift */; };
		F92D71871F00DB8100EC7C84 /* FeedbackGeneratorSampleUITests.swift in Sources */ = {isa = PBXBuildFile; fileRef = F92D71861F00DB8100EC7C84 /* FeedbackGeneratorSampleUITests.swift */; };
		F94FE54B1F00B945009E8B71 /* AppDelegate.swift in Sources */ = {isa = PBXBuildFile; fileRef = F94FE54A1F00B945009E8B71 /* AppDelegate.swift */; };
		F94FE54D1F00B945009E8B71 /* ViewController.swift in Sources */ = {isa = PBXBuildFile; fileRef = F94FE54C1F00B945009E8B71 /* ViewController.swift */; };
		F94FE5501F00B945009E8B71 /* Main.storyboard in Resources */ = {isa = PBXBuildFile; fileRef = F94FE54E1F00B945009E8B71 /* Main.storyboard */; };
		F94FE5521F00B945009E8B71 /* Assets.xcassets in Resources */ = {isa = PBXBuildFile; fileRef = F94FE5511F00B945009E8B71 /* Assets.xcassets */; };
		F94FE5551F00B945009E8B71 /* LaunchScreen.storyboard in Resources */ = {isa = PBXBuildFile; fileRef = F94FE5531F00B945009E8B71 /* LaunchScreen.storyboard */; };
		F94FE55D1F00BBAD009E8B71 /* DetailViewController.swift in Sources */ = {isa = PBXBuildFile; fileRef = F94FE55C1F00BBAD009E8B71 /* DetailViewController.swift */; };
/* End PBXBuildFile section */

/* Begin PBXContainerItemProxy section */
		F92D71891F00DB8100EC7C84 /* PBXContainerItemProxy */ = {
			isa = PBXContainerItemProxy;
			containerPortal = F94FE53F1F00B945009E8B71 /* Project object */;
			proxyType = 1;
			remoteGlobalIDString = F94FE5461F00B945009E8B71;
			remoteInfo = FeedbackGeneratorSample;
		};
/* End PBXContainerItemProxy section */

/* Begin PBXFileReference section */
		F92D717C1F00D72B00EC7C84 /* SelectionViewController.swift */ = {isa = PBXFileReference; fileEncoding = 4; lastKnownFileType = sourcecode.swift; path = SelectionViewController.swift; sourceTree = "<group>"; };
		F92D717E1F00D73600EC7C84 /* NotificationViewController.swift */ = {isa = PBXFileReference; fileEncoding = 4; lastKnownFileType = sourcecode.swift; path = NotificationViewController.swift; sourceTree = "<group>"; };
		F92D71841F00DB8100EC7C84 /* FeedbackGeneratorSampleUITests.xctest */ = {isa = PBXFileReference; explicitFileType = wrapper.cfbundle; includeInIndex = 0; path = FeedbackGeneratorSampleUITests.xctest; sourceTree = BUILT_PRODUCTS_DIR; };
		F92D71861F00DB8100EC7C84 /* FeedbackGeneratorSampleUITests.swift */ = {isa = PBXFileReference; lastKnownFileType = sourcecode.swift; path = FeedbackGeneratorSampleUITests.swift; sourceTree = "<group>"; };
		F92D71881F00DB8100EC7C84 /* Info.plist */ = {isa = PBXFileReference; lastKnownFileType = text.plist.xml; path = Info.plist; sourceTree = "<group>"; };
		F94FE5471F00B945009E8B71 /* FeedbackGeneratorSample.app */ = {isa = PBXFileReference; explicitFileType = wrapper.application; includeInIndex = 0; path = FeedbackGeneratorSample.app; sourceTree = BUILT_PRODUCTS_DIR; };
		F94FE54A1F00B945009E8B71 /* AppDelegate.swift */ = {isa = PBXFileReference; lastKnownFileType = sourcecode.swift; path = AppDelegate.swift; sourceTree = "<group>"; };
		F94FE54C1F00B945009E8B71 /* ViewController.swift */ = {isa = PBXFileReference; lastKnownFileType = sourcecode.swift; path = ViewController.swift; sourceTree = "<group>"; };
		F94FE54F1F00B945009E8B71 /* Base */ = {isa = PBXFileReference; lastKnownFileType = file.storyboard; name = Base; path = Base.lproj/Main.storyboard; sourceTree = "<group>"; };
		F94FE5511F00B945009E8B71 /* Assets.xcassets */ = {isa = PBXFileReference; lastKnownFileType = folder.assetcatalog; path = Assets.xcassets; sourceTree = "<group>"; };
		F94FE5541F00B945009E8B71 /* Base */ = {isa = PBXFileReference; lastKnownFileType = file.storyboard; name = Base; path = Base.lproj/LaunchScreen.storyboard; sourceTree = "<group>"; };
		F94FE5561F00B945009E8B71 /* Info.plist */ = {isa = PBXFileReference; lastKnownFileType = text.plist.xml; path = Info.plist; sourceTree = "<group>"; };
		F94FE55C1F00BBAD009E8B71 /* DetailViewController.swift */ = {isa = PBXFileReference; fileEncoding = 4; lastKnownFileType = sourcecode.swift; path = DetailViewController.swift; sourceTree = "<group>"; };
/* End PBXFileReference section */

/* Begin PBXFrameworksBuildPhase section */
		F92D71811F00DB8100EC7C84 /* Frameworks */ = {
			isa = PBXFrameworksBuildPhase;
			buildActionMask = 2147483647;
			files = (
			);
			runOnlyForDeploymentPostprocessing = 0;
		};
		F94FE5441F00B945009E8B71 /* Frameworks */ = {
			isa = PBXFrameworksBuildPhase;
			buildActionMask = 2147483647;
			files = (
			);
			runOnlyForDeploymentPostprocessing = 0;
		};
/* End PBXFrameworksBuildPhase section */

/* Begin PBXGroup section */
		F92D71851F00DB8100EC7C84 /* FeedbackGeneratorSampleUITests */ = {
			isa = PBXGroup;
			children = (
				F92D71861F00DB8100EC7C84 /* FeedbackGeneratorSampleUITests.swift */,
				F92D71881F00DB8100EC7C84 /* Info.plist */,
			);
			path = FeedbackGeneratorSampleUITests;
			sourceTree = "<group>";
		};
		F94FE53E1F00B945009E8B71 = {
			isa = PBXGroup;
			children = (
				F94FE5491F00B945009E8B71 /* FeedbackGeneratorSample */,
				F92D71851F00DB8100EC7C84 /* FeedbackGeneratorSampleUITests */,
				F94FE5481F00B945009E8B71 /* Products */,
			);
			sourceTree = "<group>";
		};
		F94FE5481F00B945009E8B71 /* Products */ = {
			isa = PBXGroup;
			children = (
				F94FE5471F00B945009E8B71 /* FeedbackGeneratorSample.app */,
				F92D71841F00DB8100EC7C84 /* FeedbackGeneratorSampleUITests.xctest */,
			);
			name = Products;
			sourceTree = "<group>";
		};
		F94FE5491F00B945009E8B71 /* FeedbackGeneratorSample */ = {
			isa = PBXGroup;
			children = (
				F94FE54A1F00B945009E8B71 /* AppDelegate.swift */,
				F94FE54C1F00B945009E8B71 /* ViewController.swift */,
				F92D717C1F00D72B00EC7C84 /* SelectionViewController.swift */,
				F92D717E1F00D73600EC7C84 /* NotificationViewController.swift */,
				F94FE55C1F00BBAD009E8B71 /* DetailViewController.swift */,
				F94FE54E1F00B945009E8B71 /* Main.storyboard */,
				F94FE5511F00B945009E8B71 /* Assets.xcassets */,
				F94FE5531F00B945009E8B71 /* LaunchScreen.storyboard */,
				F94FE5561F00B945009E8B71 /* Info.plist */,
			);
			path = FeedbackGeneratorSample;
			sourceTree = "<group>";
		};
/* End PBXGroup section */

/* Begin PBXNativeTarget section */
		F92D71831F00DB8100EC7C84 /* FeedbackGeneratorSampleUITests */ = {
			isa = PBXNativeTarget;
			buildConfigurationList = F92D718B1F00DB8100EC7C84 /* Build configuration list for PBXNativeTarget "FeedbackGeneratorSampleUITests" */;
			buildPhases = (
				F92D71801F00DB8100EC7C84 /* Sources */,
				F92D71811F00DB8100EC7C84 /* Frameworks */,
				F92D71821F00DB8100EC7C84 /* Resources */,
			);
			buildRules = (
			);
			dependencies = (
				F92D718A1F00DB8100EC7C84 /* PBXTargetDependency */,
			);
			name = FeedbackGeneratorSampleUITests;
			productName = FeedbackGeneratorSampleUITests;
			productReference = F92D71841F00DB8100EC7C84 /* FeedbackGeneratorSampleUITests.xctest */;
			productType = "com.apple.product-type.bundle.ui-testing";
		};
		F94FE5461F00B945009E8B71 /* FeedbackGeneratorSample */ = {
			isa = PBXNativeTarget;
			buildConfigurationList = F94FE5591F00B945009E8B71 /* Build configuration list for PBXNativeTarget "FeedbackGeneratorSample" */;
			buildPhases = (
				F94FE5431F00B945009E8B71 /* Sources */,
				F94FE5441F00B945009E8B71 /* Frameworks */,
				F94FE5451F00B945009E8B71 /* Resources */,
			);
			buildRules = (
			);
			dependencies = (
			);
			name = FeedbackGeneratorSample;
			productName = FeedbackGeneratorSample;
			productReference = F94FE5471F00B945009E8B71 /* FeedbackGeneratorSample.app */;
			productType = "com.apple.product-type.application";
		};
/* End PBXNativeTarget section */

/* Begin PBXProject section */
		F94FE53F1F00B945009E8B71 /* Project object */ = {
			isa = PBXProject;
			attributes = {
				LastSwiftUpdateCheck = 0830;
				LastUpgradeCheck = 0830;
				ORGANIZATIONNAME = "Jumpei Katayama";
				TargetAttributes = {
					F92D71831F00DB8100EC7C84 = {
						CreatedOnToolsVersion = 8.3.3;
						DevelopmentTeam = 462W8JBXLB;
						ProvisioningStyle = Automatic;
						TestTargetID = F94FE5461F00B945009E8B71;
					};
					F94FE5461F00B945009E8B71 = {
						CreatedOnToolsVersion = 8.3.3;
						DevelopmentTeam = 462W8JBXLB;
						ProvisioningStyle = Automatic;
					};
				};
			};
			buildConfigurationList = F94FE5421F00B945009E8B71 /* Build configuration list for PBXProject "FeedbackGeneratorSample" */;
			compatibilityVersion = "Xcode 3.2";
			developmentRegion = English;
			hasScannedForEncodings = 0;
			knownRegions = (
				en,
				Base,
			);
			mainGroup = F94FE53E1F00B945009E8B71;
			productRefGroup = F94FE5481F00B945009E8B71 /* Products */;
			projectDirPath = "";
			projectRoot = "";
			targets = (
				F94FE5461F00B945009E8B71 /* FeedbackGeneratorSample */,
				F92D71831F00DB8100EC7C84 /* FeedbackGeneratorSampleUITests */,
			);
		};
/* End PBXProject section */

/* Begin PBXResourcesBuildPhase section */
		F92D71821F00DB8100EC7C84 /* Resources */ = {
			isa = PBXResourcesBuildPhase;
			buildActionMask = 2147483647;
			files = (
			);
			runOnlyForDeploymentPostprocessing = 0;
		};
		F94FE5451F00B945009E8B71 /* Resources */ = {
			isa = PBXResourcesBuildPhase;
			buildActionMask = 2147483647;
			files = (
				F94FE5551F00B945009E8B71 /* LaunchScreen.storyboard in Resources */,
				F94FE5521F00B945009E8B71 /* Assets.xcassets in Resources */,
				F94FE5501F00B945009E8B71 /* Main.storyboard in Resources */,
			);
			runOnlyForDeploymentPostprocessing = 0;
		};
/* End PBXResourcesBuildPhase section */

/* Begin PBXSourcesBuildPhase section */
		F92D71801F00DB8100EC7C84 /* Sources */ = {
			isa = PBXSourcesBuildPhase;
			buildActionMask = 2147483647;
			files = (
				F92D71871F00DB8100EC7C84 /* FeedbackGeneratorSampleUITests.swift in Sources */,
			);
			runOnlyForDeploymentPostprocessing = 0;
		};
		F94FE5431F00B945009E8B71 /* Sources */ = {
			isa = PBXSourcesBuildPhase;
			buildActionMask = 2147483647;
			files = (
				F92D717F1F00D73600EC7C84 /* NotificationViewController.swift in Sources */,
				F94FE55D1F00BBAD009E8B71 /* DetailViewController.swift in Sources */,
				F92D717D1F00D72B00EC7C84 /* SelectionViewController.swift in Sources */,
				F94FE54D1F00B945009E8B71 /* ViewController.swift in Sources */,
				F94FE54B1F00B945009E8B71 /* AppDelegate.swift in Sources */,
			);
			runOnlyForDeploymentPostprocessing = 0;
		};
/* End PBXSourcesBuildPhase section */

/* Begin PBXTargetDependency section */
		F92D718A1F00DB8100EC7C84 /* PBXTargetDependency */ = {
			isa = PBXTargetDependency;
			target = F94FE5461F00B945009E8B71 /* FeedbackGeneratorSample */;
			targetProxy = F92D71891F00DB8100EC7C84 /* PBXContainerItemProxy */;
		};
/* End PBXTargetDependency section */

/* Begin PBXVariantGroup section */
		F94FE54E1F00B945009E8B71 /* Main.storyboard */ = {
			isa = PBXVariantGroup;
			children = (
				F94FE54F1F00B945009E8B71 /* Base */,
			);
			name = Main.storyboard;
			sourceTree = "<group>";
		};
		F94FE5531F00B945009E8B71 /* LaunchScreen.storyboard */ = {
			isa = PBXVariantGroup;
			children = (
				F94FE5541F00B945009E8B71 /* Base */,
			);
			name = LaunchScreen.storyboard;
			sourceTree = "<group>";
		};
/* End PBXVariantGroup section */

/* Begin XCBuildConfiguration section */
		F92D718C1F00DB8100EC7C84 /* Debug */ = {
			isa = XCBuildConfiguration;
			buildSettings = {
				DEVELOPMENT_TEAM = 462W8JBXLB;
				INFOPLIST_FILE = FeedbackGeneratorSampleUITests/Info.plist;
				LD_RUNPATH_SEARCH_PATHS = "$(inherited) @executable_path/Frameworks @loader_path/Frameworks";
				PRODUCT_BUNDLE_IDENTIFIER = "Jumpei-Katayama.FeedbackGeneratorSampleUITests";
				PRODUCT_NAME = "$(TARGET_NAME)";
				SWIFT_VERSION = 3.0;
				TEST_TARGET_NAME = FeedbackGeneratorSample;
			};
			name = Debug;
		};
		F92D718D1F00DB8100EC7C84 /* Release */ = {
			isa = XCBuildConfiguration;
			buildSettings = {
				DEVELOPMENT_TEAM = 462W8JBXLB;
				INFOPLIST_FILE = FeedbackGeneratorSampleUITests/Info.plist;
				LD_RUNPATH_SEARCH_PATHS = "$(inherited) @executable_path/Frameworks @loader_path/Frameworks";
				PRODUCT_BUNDLE_IDENTIFIER = "Jumpei-Katayama.FeedbackGeneratorSampleUITests";
				PRODUCT_NAME = "$(TARGET_NAME)";
				SWIFT_VERSION = 3.0;
				TEST_TARGET_NAME = FeedbackGeneratorSample;
			};
			name = Release;
		};
		F94FE5571F00B945009E8B71 /* Debug */ = {
			isa = XCBuildConfiguration;
			buildSettings = {
				ALWAYS_SEARCH_USER_PATHS = NO;
				CLANG_ANALYZER_NONNULL = YES;
				CLANG_ANALYZER_NUMBER_OBJECT_CONVERSION = YES_AGGRESSIVE;
				CLANG_CXX_LANGUAGE_STANDARD = "gnu++0x";
				CLANG_CXX_LIBRARY = "libc++";
				CLANG_ENABLE_MODULES = YES;
				CLANG_ENABLE_OBJC_ARC = YES;
				CLANG_WARN_BOOL_CONVERSION = YES;
				CLANG_WARN_CONSTANT_CONVERSION = YES;
				CLANG_WARN_DIRECT_OBJC_ISA_USAGE = YES_ERROR;
				CLANG_WARN_DOCUMENTATION_COMMENTS = YES;
				CLANG_WARN_EMPTY_BODY = YES;
				CLANG_WARN_ENUM_CONVERSION = YES;
				CLANG_WARN_INFINITE_RECURSION = YES;
				CLANG_WARN_INT_CONVERSION = YES;
				CLANG_WARN_OBJC_ROOT_CLASS = YES_ERROR;
				CLANG_WARN_SUSPICIOUS_MOVE = YES;
				CLANG_WARN_UNREACHABLE_CODE = YES;
				CLANG_WARN__DUPLICATE_METHOD_MATCH = YES;
				"CODE_SIGN_IDENTITY[sdk=iphoneos*]" = "iPhone Developer";
				COPY_PHASE_STRIP = NO;
				DEBUG_INFORMATION_FORMAT = dwarf;
				ENABLE_STRICT_OBJC_MSGSEND = YES;
				ENABLE_TESTABILITY = YES;
				GCC_C_LANGUAGE_STANDARD = gnu99;
				GCC_DYNAMIC_NO_PIC = NO;
				GCC_NO_COMMON_BLOCKS = YES;
				GCC_OPTIMIZATION_LEVEL = 0;
				GCC_PREPROCESSOR_DEFINITIONS = (
					"DEBUG=1",
					"$(inherited)",
				);
				GCC_WARN_64_TO_32_BIT_CONVERSION = YES;
				GCC_WARN_ABOUT_RETURN_TYPE = YES_ERROR;
				GCC_WARN_UNDECLARED_SELECTOR = YES;
				GCC_WARN_UNINITIALIZED_AUTOS = YES_AGGRESSIVE;
				GCC_WARN_UNUSED_FUNCTION = YES;
				GCC_WARN_UNUSED_VARIABLE = YES;
				IPHONEOS_DEPLOYMENT_TARGET = 10.3;
				MTL_ENABLE_DEBUG_INFO = YES;
				ONLY_ACTIVE_ARCH = YES;
				SDKROOT = iphoneos;
				SWIFT_ACTIVE_COMPILATION_CONDITIONS = DEBUG;
				SWIFT_OPTIMIZATION_LEVEL = "-Onone";
			};
			name = Debug;
		};
		F94FE5581F00B945009E8B71 /* Release */ = {
			isa = XCBuildConfiguration;
			buildSettings = {
				ALWAYS_SEARCH_USER_PATHS = NO;
				CLANG_ANALYZER_NONNULL = YES;
				CLANG_ANALYZER_NUMBER_OBJECT_CONVERSION = YES_AGGRESSIVE;
				CLANG_CXX_LANGUAGE_STANDARD = "gnu++0x";
				CLANG_CXX_LIBRARY = "libc++";
				CLANG_ENABLE_MODULES = YES;
				CLANG_ENABLE_OBJC_ARC = YES;
				CLANG_WARN_BOOL_CONVERSION = YES;
				CLANG_WARN_CONSTANT_CONVERSION = YES;
				CLANG_WARN_DIRECT_OBJC_ISA_USAGE = YES_ERROR;
				CLANG_WARN_DOCUMENTATION_COMMENTS = YES;
				CLANG_WARN_EMPTY_BODY = YES;
				CLANG_WARN_ENUM_CONVERSION = YES;
				CLANG_WARN_INFINITE_RECURSION = YES;
				CLANG_WARN_INT_CONVERSION = YES;
				CLANG_WARN_OBJC_ROOT_CLASS = YES_ERROR;
				CLANG_WARN_SUSPICIOUS_MOVE = YES;
				CLANG_WARN_UNREACHABLE_CODE = YES;
				CLANG_WARN__DUPLICATE_METHOD_MATCH = YES;
				"CODE_SIGN_IDENTITY[sdk=iphoneos*]" = "iPhone Developer";
				COPY_PHASE_STRIP = NO;
				DEBUG_INFORMATION_FORMAT = "dwarf-with-dsym";
				ENABLE_NS_ASSERTIONS = NO;
				ENABLE_STRICT_OBJC_MSGSEND = YES;
				GCC_C_LANGUAGE_STANDARD = gnu99;
				GCC_NO_COMMON_BLOCKS = YES;
				GCC_WARN_64_TO_32_BIT_CONVERSION = YES;
				GCC_WARN_ABOUT_RETURN_TYPE = YES_ERROR;
				GCC_WARN_UNDECLARED_SELECTOR = YES;
				GCC_WARN_UNINITIALIZED_AUTOS = YES_AGGRESSIVE;
				GCC_WARN_UNUSED_FUNCTION = YES;
				GCC_WARN_UNUSED_VARIABLE = YES;
				IPHONEOS_DEPLOYMENT_TARGET = 10.3;
				MTL_ENABLE_DEBUG_INFO = NO;
				SDKROOT = iphoneos;
				SWIFT_OPTIMIZATION_LEVEL = "-Owholemodule";
				VALIDATE_PRODUCT = YES;
			};
			name = Release;
		};
		F94FE55A1F00B945009E8B71 /* Debug */ = {
			isa = XCBuildConfiguration;
			buildSettings = {
				ASSETCATALOG_COMPILER_APPICON_NAME = AppIcon;
				DEVELOPMENT_TEAM = 462W8JBXLB;
				INFOPLIST_FILE = FeedbackGeneratorSample/Info.plist;
				LD_RUNPATH_SEARCH_PATHS = "$(inherited) @executable_path/Frameworks";
				PRODUCT_BUNDLE_IDENTIFIER = "Jumpei-Katayama.FeedbackGeneratorSample";
				PRODUCT_NAME = "$(TARGET_NAME)";
				SWIFT_VERSION = 3.0;
			};
			name = Debug;
		};
		F94FE55B1F00B945009E8B71 /* Release */ = {
			isa = XCBuildConfiguration;
			buildSettings = {
				ASSETCATALOG_COMPILER_APPICON_NAME = AppIcon;
				DEVELOPMENT_TEAM = 462W8JBXLB;
				INFOPLIST_FILE = FeedbackGeneratorSample/Info.plist;
				LD_RUNPATH_SEARCH_PATHS = "$(inherited) @executable_path/Frameworks";
				PRODUCT_BUNDLE_IDENTIFIER = "Jumpei-Katayama.FeedbackGeneratorSample";
				PRODUCT_NAME = "$(TARGET_NAME)";
				SWIFT_VERSION = 3.0;
			};
			name = Release;
		};
/* End XCBuildConfiguration section */

/* Begin XCConfigurationList section */
		F92D718B1F00DB8100EC7C84 /* Build configuration list for PBXNativeTarget "FeedbackGeneratorSampleUITests" */ = {
			isa = XCConfigurationList;
			buildConfigurations = (
				F92D718C1F00DB8100EC7C84 /* Debug */,
				F92D718D1F00DB8100EC7C84 /* Release */,
			);
			defaultConfigurationIsVisible = 0;
		};
		F94FE5421F00B945009E8B71 /* Build configuration list for PBXProject "FeedbackGeneratorSample" */ = {
			isa = XCConfigurationList;
			buildConfigurations = (
				F94FE5571F00B945009E8B71 /* Debug */,
				F94FE5581F00B945009E8B71 /* Release */,
			);
			defaultConfigurationIsVisible = 0;
			defaultConfigurationName = Release;
		};
		F94FE5591F00B945009E8B71 /* Build configuration list for PBXNativeTarget "FeedbackGeneratorSample" */ = {
			isa = XCConfigurationList;
			buildConfigurations = (
				F94FE55A1F00B945009E8B71 /* Debug */,
				F94FE55B1F00B945009E8B71 /* Release */,
			);
			defaultConfigurationIsVisible = 0;
			defaultConfigurationName = Release;
		};
/* End XCConfigurationList section */
	};
	rootObject = F94FE53F1F00B945009E8B71 /* Project object */;
}
